// !$*UTF8*$!
{
	archiveVersion = 1;
	classes = {
	};
	objectVersion = 56;
	objects = {

/* Begin PBXBuildFile section */
		0973A44829D238C500491639 /* ioscardexampleApp.swift in Sources */ = {isa = PBXBuildFile; fileRef = 0973A44729D238C500491639 /* ioscardexampleApp.swift */; };
		0973A44A29D238C500491639 /* ContentView.swift in Sources */ = {isa = PBXBuildFile; fileRef = 0973A44929D238C500491639 /* ContentView.swift */; };
		0973A44C29D238C600491639 /* Assets.xcassets in Resources */ = {isa = PBXBuildFile; fileRef = 0973A44B29D238C600491639 /* Assets.xcassets */; };
		0973A44F29D238C600491639 /* Preview Assets.xcassets in Resources */ = {isa = PBXBuildFile; fileRef = 0973A44E29D238C600491639 /* Preview Assets.xcassets */; };
		0973A45929D238C600491639 /* ioscardexampleTests.swift in Sources */ = {isa = PBXBuildFile; fileRef = 0973A45829D238C600491639 /* ioscardexampleTests.swift */; };
		0973A46329D238C600491639 /* ioscardexampleUITests.swift in Sources */ = {isa = PBXBuildFile; fileRef = 0973A46229D238C600491639 /* ioscardexampleUITests.swift */; };
		0973A46529D238C600491639 /* ioscardexampleUITestsLaunchTests.swift in Sources */ = {isa = PBXBuildFile; fileRef = 0973A46429D238C600491639 /* ioscardexampleUITestsLaunchTests.swift */; };
/* End PBXBuildFile section */

/* Begin PBXContainerItemProxy section */
		0973A45529D238C600491639 /* PBXContainerItemProxy */ = {
			isa = PBXContainerItemProxy;
			containerPortal = 0973A43C29D238C500491639 /* Project object */;
			proxyType = 1;
			remoteGlobalIDString = 0973A44329D238C500491639;
			remoteInfo = ioscardexample;
		};
		0973A45F29D238C600491639 /* PBXContainerItemProxy */ = {
			isa = PBXContainerItemProxy;
			containerPortal = 0973A43C29D238C500491639 /* Project object */;
			proxyType = 1;
			remoteGlobalIDString = 0973A44329D238C500491639;
			remoteInfo = ioscardexample;
		};
/* End PBXContainerItemProxy section */

/* Begin PBXFileReference section */
		0973A44429D238C500491639 /* ioscardexample.app */ = {isa = PBXFileReference; explicitFileType = wrapper.application; includeInIndex = 0; path = ioscardexample.app; sourceTree = BUILT_PRODUCTS_DIR; };
		0973A44729D238C500491639 /* ioscardexampleApp.swift */ = {isa = PBXFileReference; lastKnownFileType = sourcecode.swift; path = ioscardexampleApp.swift; sourceTree = "<group>"; };
		0973A44929D238C500491639 /* ContentView.swift */ = {isa = PBXFileReference; lastKnownFileType = sourcecode.swift; path = ContentView.swift; sourceTree = "<group>"; };
		0973A44B29D238C600491639 /* Assets.xcassets */ = {isa = PBXFileReference; lastKnownFileType = folder.assetcatalog; path = Assets.xcassets; sourceTree = "<group>"; };
		0973A44E29D238C600491639 /* Preview Assets.xcassets */ = {isa = PBXFileReference; lastKnownFileType = folder.assetcatalog; path = "Preview Assets.xcassets"; sourceTree = "<group>"; };
		0973A45429D238C600491639 /* ioscardexampleTests.xctest */ = {isa = PBXFileReference; explicitFileType = wrapper.cfbundle; includeInIndex = 0; path = ioscardexampleTests.xctest; sourceTree = BUILT_PRODUCTS_DIR; };
		0973A45829D238C600491639 /* ioscardexampleTests.swift */ = {isa = PBXFileReference; lastKnownFileType = sourcecode.swift; path = ioscardexampleTests.swift; sourceTree = "<group>"; };
		0973A45E29D238C600491639 /* ioscardexampleUITests.xctest */ = {isa = PBXFileReference; explicitFileType = wrapper.cfbundle; includeInIndex = 0; path = ioscardexampleUITests.xctest; sourceTree = BUILT_PRODUCTS_DIR; };
		0973A46229D238C600491639 /* ioscardexampleUITests.swift */ = {isa = PBXFileReference; lastKnownFileType = sourcecode.swift; path = ioscardexampleUITests.swift; sourceTree = "<group>"; };
		0973A46429D238C600491639 /* ioscardexampleUITestsLaunchTests.swift */ = {isa = PBXFileReference; lastKnownFileType = sourcecode.swift; path = ioscardexampleUITestsLaunchTests.swift; sourceTree = "<group>"; };
/* End PBXFileReference section */

/* Begin PBXFrameworksBuildPhase section */
		0973A44129D238C500491639 /* Frameworks */ = {
			isa = PBXFrameworksBuildPhase;
			buildActionMask = 2147483647;
			files = (
			);
			runOnlyForDeploymentPostprocessing = 0;
		};
		0973A45129D238C600491639 /* Frameworks */ = {
			isa = PBXFrameworksBuildPhase;
			buildActionMask = 2147483647;
			files = (
			);
			runOnlyForDeploymentPostprocessing = 0;
		};
		0973A45B29D238C600491639 /* Frameworks */ = {
			isa = PBXFrameworksBuildPhase;
			buildActionMask = 2147483647;
			files = (
			);
			runOnlyForDeploymentPostprocessing = 0;
		};
/* End PBXFrameworksBuildPhase section */

/* Begin PBXGroup section */
		0973A43B29D238C500491639 = {
			isa = PBXGroup;
			children = (
				0973A44629D238C500491639 /* ioscardexample */,
				0973A45729D238C600491639 /* ioscardexampleTests */,
				0973A46129D238C600491639 /* ioscardexampleUITests */,
				0973A44529D238C500491639 /* Products */,
			);
			sourceTree = "<group>";
		};
		0973A44529D238C500491639 /* Products */ = {
			isa = PBXGroup;
			children = (
				0973A44429D238C500491639 /* ioscardexample.app */,
				0973A45429D238C600491639 /* ioscardexampleTests.xctest */,
				0973A45E29D238C600491639 /* ioscardexampleUITests.xctest */,
			);
			name = Products;
			sourceTree = "<group>";
		};
		0973A44629D238C500491639 /* ioscardexample */ = {
			isa = PBXGroup;
			children = (
				0973A44729D238C500491639 /* ioscardexampleApp.swift */,
				0973A44929D238C500491639 /* ContentView.swift */,
				0973A44B29D238C600491639 /* Assets.xcassets */,
				0973A44D29D238C600491639 /* Preview Content */,
			);
			path = ioscardexample;
			sourceTree = "<group>";
		};
		0973A44D29D238C600491639 /* Preview Content */ = {
			isa = PBXGroup;
			children = (
				0973A44E29D238C600491639 /* Preview Assets.xcassets */,
			);
			path = "Preview Content";
			sourceTree = "<group>";
		};
		0973A45729D238C600491639 /* ioscardexampleTests */ = {
			isa = PBXGroup;
			children = (
				0973A45829D238C600491639 /* ioscardexampleTests.swift */,
			);
			path = ioscardexampleTests;
			sourceTree = "<group>";
		};
		0973A46129D238C600491639 /* ioscardexampleUITests */ = {
			isa = PBXGroup;
			children = (
				0973A46229D238C600491639 /* ioscardexampleUITests.swift */,
				0973A46429D238C600491639 /* ioscardexampleUITestsLaunchTests.swift */,
			);
			path = ioscardexampleUITests;
			sourceTree = "<group>";
		};
/* End PBXGroup section */

/* Begin PBXNativeTarget section */
		0973A44329D238C500491639 /* ioscardexample */ = {
			isa = PBXNativeTarget;
			buildConfigurationList = 0973A46829D238C600491639 /* Build configuration list for PBXNativeTarget "ioscardexample" */;
			buildPhases = (
				0973A44029D238C500491639 /* Sources */,
				0973A44129D238C500491639 /* Frameworks */,
				0973A44229D238C500491639 /* Resources */,
			);
			buildRules = (
			);
			dependencies = (
			);
			name = ioscardexample;
			productName = ioscardexample;
			productReference = 0973A44429D238C500491639 /* ioscardexample.app */;
			productType = "com.apple.product-type.application";
		};
		0973A45329D238C600491639 /* ioscardexampleTests */ = {
			isa = PBXNativeTarget;
			buildConfigurationList = 0973A46B29D238C600491639 /* Build configuration list for PBXNativeTarget "ioscardexampleTests" */;
			buildPhases = (
				0973A45029D238C600491639 /* Sources */,
				0973A45129D238C600491639 /* Frameworks */,
				0973A45229D238C600491639 /* Resources */,
			);
			buildRules = (
			);
			dependencies = (
				0973A45629D238C600491639 /* PBXTargetDependency */,
			);
			name = ioscardexampleTests;
			productName = ioscardexampleTests;
			productReference = 0973A45429D238C600491639 /* ioscardexampleTests.xctest */;
			productType = "com.apple.product-type.bundle.unit-test";
		};
		0973A45D29D238C600491639 /* ioscardexampleUITests */ = {
			isa = PBXNativeTarget;
			buildConfigurationList = 0973A46E29D238C600491639 /* Build configuration list for PBXNativeTarget "ioscardexampleUITests" */;
			buildPhases = (
				0973A45A29D238C600491639 /* Sources */,
				0973A45B29D238C600491639 /* Frameworks */,
				0973A45C29D238C600491639 /* Resources */,
			);
			buildRules = (
			);
			dependencies = (
				0973A46029D238C600491639 /* PBXTargetDependency */,
			);
			name = ioscardexampleUITests;
			productName = ioscardexampleUITests;
			productReference = 0973A45E29D238C600491639 /* ioscardexampleUITests.xctest */;
			productType = "com.apple.product-type.bundle.ui-testing";
		};
/* End PBXNativeTarget section */

/* Begin PBXProject section */
		0973A43C29D238C500491639 /* Project object */ = {
			isa = PBXProject;
			attributes = {
				BuildIndependentTargetsInParallel = 1;
				LastSwiftUpdateCheck = 1420;
				LastUpgradeCheck = 1420;
				TargetAttributes = {
					0973A44329D238C500491639 = {
						CreatedOnToolsVersion = 14.2;
					};
					0973A45329D238C600491639 = {
						CreatedOnToolsVersion = 14.2;
						TestTargetID = 0973A44329D238C500491639;
					};
					0973A45D29D238C600491639 = {
						CreatedOnToolsVersion = 14.2;
						TestTargetID = 0973A44329D238C500491639;
					};
				};
			};
			buildConfigurationList = 0973A43F29D238C500491639 /* Build configuration list for PBXProject "ioscardexample" */;
			compatibilityVersion = "Xcode 14.0";
			developmentRegion = en;
			hasScannedForEncodings = 0;
			knownRegions = (
				en,
				Base,
			);
			mainGroup = 0973A43B29D238C500491639;
			productRefGroup = 0973A44529D238C500491639 /* Products */;
			projectDirPath = "";
			projectRoot = "";
			targets = (
				0973A44329D238C500491639 /* ioscardexample */,
				0973A45329D238C600491639 /* ioscardexampleTests */,
				0973A45D29D238C600491639 /* ioscardexampleUITests */,
			);
		};
/* End PBXProject section */

/* Begin PBXResourcesBuildPhase section */
		0973A44229D238C500491639 /* Resources */ = {
			isa = PBXResourcesBuildPhase;
			buildActionMask = 2147483647;
			files = (
				0973A44F29D238C600491639 /* Preview Assets.xcassets in Resources */,
				0973A44C29D238C600491639 /* Assets.xcassets in Resources */,
			);
			runOnlyForDeploymentPostprocessing = 0;
		};
		0973A45229D238C600491639 /* Resources */ = {
			isa = PBXResourcesBuildPhase;
			buildActionMask = 2147483647;
			files = (
			);
			runOnlyForDeploymentPostprocessing = 0;
		};
		0973A45C29D238C600491639 /* Resources */ = {
			isa = PBXResourcesBuildPhase;
			buildActionMask = 2147483647;
			files = (
			);
			runOnlyForDeploymentPostprocessing = 0;
		};
/* End PBXResourcesBuildPhase section */

/* Begin PBXSourcesBuildPhase section */
		0973A44029D238C500491639 /* Sources */ = {
			isa = PBXSourcesBuildPhase;
			buildActionMask = 2147483647;
			files = (
				0973A44A29D238C500491639 /* ContentView.swift in Sources */,
				0973A44829D238C500491639 /* ioscardexampleApp.swift in Sources */,
			);
			runOnlyForDeploymentPostprocessing = 0;
		};
		0973A45029D238C600491639 /* Sources */ = {
			isa = PBXSourcesBuildPhase;
			buildActionMask = 2147483647;
			files = (
				0973A45929D238C600491639 /* ioscardexampleTests.swift in Sources */,
			);
			runOnlyForDeploymentPostprocessing = 0;
		};
		0973A45A29D238C600491639 /* Sources */ = {
			isa = PBXSourcesBuildPhase;
			buildActionMask = 2147483647;
			files = (
				0973A46329D238C600491639 /* ioscardexampleUITests.swift in Sources */,
				0973A46529D238C600491639 /* ioscardexampleUITestsLaunchTests.swift in Sources */,
			);
			runOnlyForDeploymentPostprocessing = 0;
		};
/* End PBXSourcesBuildPhase section */

/* Begin PBXTargetDependency section */
		0973A45629D238C600491639 /* PBXTargetDependency */ = {
			isa = PBXTargetDependency;
			target = 0973A44329D238C500491639 /* ioscardexample */;
			targetProxy = 0973A45529D238C600491639 /* PBXContainerItemProxy */;
		};
		0973A46029D238C600491639 /* PBXTargetDependency */ = {
			isa = PBXTargetDependency;
			target = 0973A44329D238C500491639 /* ioscardexample */;
			targetProxy = 0973A45F29D238C600491639 /* PBXContainerItemProxy */;
		};
/* End PBXTargetDependency section */

/* Begin XCBuildConfiguration section */
		0973A46629D238C600491639 /* Debug */ = {
			isa = XCBuildConfiguration;
			buildSettings = {
				ALWAYS_SEARCH_USER_PATHS = NO;
				CLANG_ANALYZER_NONNULL = YES;
				CLANG_ANALYZER_NUMBER_OBJECT_CONVERSION = YES_AGGRESSIVE;
				CLANG_CXX_LANGUAGE_STANDARD = "gnu++20";
				CLANG_ENABLE_MODULES = YES;
				CLANG_ENABLE_OBJC_ARC = YES;
				CLANG_ENABLE_OBJC_WEAK = YES;
				CLANG_WARN_BLOCK_CAPTURE_AUTORELEASING = YES;
				CLANG_WARN_BOOL_CONVERSION = YES;
				CLANG_WARN_COMMA = YES;
				CLANG_WARN_CONSTANT_CONVERSION = YES;
				CLANG_WARN_DEPRECATED_OBJC_IMPLEMENTATIONS = YES;
				CLANG_WARN_DIRECT_OBJC_ISA_USAGE = YES_ERROR;
				CLANG_WARN_DOCUMENTATION_COMMENTS = YES;
				CLANG_WARN_EMPTY_BODY = YES;
				CLANG_WARN_ENUM_CONVERSION = YES;
				CLANG_WARN_INFINITE_RECURSION = YES;
				CLANG_WARN_INT_CONVERSION = YES;
				CLANG_WARN_NON_LITERAL_NULL_CONVERSION = YES;
				CLANG_WARN_OBJC_IMPLICIT_RETAIN_SELF = YES;
				CLANG_WARN_OBJC_LITERAL_CONVERSION = YES;
				CLANG_WARN_OBJC_ROOT_CLASS = YES_ERROR;
				CLANG_WARN_QUOTED_INCLUDE_IN_FRAMEWORK_HEADER = YES;
				CLANG_WARN_RANGE_LOOP_ANALYSIS = YES;
				CLANG_WARN_STRICT_PROTOTYPES = YES;
				CLANG_WARN_SUSPICIOUS_MOVE = YES;
				CLANG_WARN_UNGUARDED_AVAILABILITY = YES_AGGRESSIVE;
				CLANG_WARN_UNREACHABLE_CODE = YES;
				CLANG_WARN__DUPLICATE_METHOD_MATCH = YES;
				COPY_PHASE_STRIP = NO;
				DEBUG_INFORMATION_FORMAT = dwarf;
				ENABLE_STRICT_OBJC_MSGSEND = YES;
				ENABLE_TESTABILITY = YES;
				GCC_C_LANGUAGE_STANDARD = gnu11;
				GCC_DYNAMIC_NO_PIC = NO;
				GCC_NO_COMMON_BLOCKS = YES;
				GCC_OPTIMIZATION_LEVEL = 0;
				GCC_PREPROCESSOR_DEFINITIONS = (
					"DEBUG=1",
					"$(inherited)",
				);
				GCC_WARN_64_TO_32_BIT_CONVERSION = YES;
				GCC_WARN_ABOUT_RETURN_TYPE = YES_ERROR;
				GCC_WARN_UNDECLARED_SELECTOR = YES;
				GCC_WARN_UNINITIALIZED_AUTOS = YES_AGGRESSIVE;
				GCC_WARN_UNUSED_FUNCTION = YES;
				GCC_WARN_UNUSED_VARIABLE = YES;
				IPHONEOS_DEPLOYMENT_TARGET = 16.2;
				MTL_ENABLE_DEBUG_INFO = INCLUDE_SOURCE;
				MTL_FAST_MATH = YES;
				ONLY_ACTIVE_ARCH = YES;
				SDKROOT = iphoneos;
				SWIFT_ACTIVE_COMPILATION_CONDITIONS = DEBUG;
				SWIFT_OPTIMIZATION_LEVEL = "-Onone";
			};
			name = Debug;
		};
		0973A46729D238C600491639 /* Release */ = {
			isa = XCBuildConfiguration;
			buildSettings = {
				ALWAYS_SEARCH_USER_PATHS = NO;
				CLANG_ANALYZER_NONNULL = YES;
				CLANG_ANALYZER_NUMBER_OBJECT_CONVERSION = YES_AGGRESSIVE;
				CLANG_CXX_LANGUAGE_STANDARD = "gnu++20";
				CLANG_ENABLE_MODULES = YES;
				CLANG_ENABLE_OBJC_ARC = YES;
				CLANG_ENABLE_OBJC_WEAK = YES;
				CLANG_WARN_BLOCK_CAPTURE_AUTORELEASING = YES;
				CLANG_WARN_BOOL_CONVERSION = YES;
				CLANG_WARN_COMMA = YES;
				CLANG_WARN_CONSTANT_CONVERSION = YES;
				CLANG_WARN_DEPRECATED_OBJC_IMPLEMENTATIONS = YES;
				CLANG_WARN_DIRECT_OBJC_ISA_USAGE = YES_ERROR;
				CLANG_WARN_DOCUMENTATION_COMMENTS = YES;
				CLANG_WARN_EMPTY_BODY = YES;
				CLANG_WARN_ENUM_CONVERSION = YES;
				CLANG_WARN_INFINITE_RECURSION = YES;
				CLANG_WARN_INT_CONVERSION = YES;
				CLANG_WARN_NON_LITERAL_NULL_CONVERSION = YES;
				CLANG_WARN_OBJC_IMPLICIT_RETAIN_SELF = YES;
				CLANG_WARN_OBJC_LITERAL_CONVERSION = YES;
				CLANG_WARN_OBJC_ROOT_CLASS = YES_ERROR;
				CLANG_WARN_QUOTED_INCLUDE_IN_FRAMEWORK_HEADER = YES;
				CLANG_WARN_RANGE_LOOP_ANALYSIS = YES;
				CLANG_WARN_STRICT_PROTOTYPES = YES;
				CLANG_WARN_SUSPICIOUS_MOVE = YES;
				CLANG_WARN_UNGUARDED_AVAILABILITY = YES_AGGRESSIVE;
				CLANG_WARN_UNREACHABLE_CODE = YES;
				CLANG_WARN__DUPLICATE_METHOD_MATCH = YES;
				COPY_PHASE_STRIP = NO;
				DEBUG_INFORMATION_FORMAT = "dwarf-with-dsym";
				ENABLE_NS_ASSERTIONS = NO;
				ENABLE_STRICT_OBJC_MSGSEND = YES;
				GCC_C_LANGUAGE_STANDARD = gnu11;
				GCC_NO_COMMON_BLOCKS = YES;
				GCC_WARN_64_TO_32_BIT_CONVERSION = YES;
				GCC_WARN_ABOUT_RETURN_TYPE = YES_ERROR;
				GCC_WARN_UNDECLARED_SELECTOR = YES;
				GCC_WARN_UNINITIALIZED_AUTOS = YES_AGGRESSIVE;
				GCC_WARN_UNUSED_FUNCTION = YES;
				GCC_WARN_UNUSED_VARIABLE = YES;
				IPHONEOS_DEPLOYMENT_TARGET = 16.2;
				MTL_ENABLE_DEBUG_INFO = NO;
				MTL_FAST_MATH = YES;
				SDKROOT = iphoneos;
				SWIFT_COMPILATION_MODE = wholemodule;
				SWIFT_OPTIMIZATION_LEVEL = "-O";
				VALIDATE_PRODUCT = YES;
			};
			name = Release;
		};
		0973A46929D238C600491639 /* Debug */ = {
			isa = XCBuildConfiguration;
			buildSettings = {
				ASSETCATALOG_COMPILER_APPICON_NAME = AppIcon;
				ASSETCATALOG_COMPILER_GLOBAL_ACCENT_COLOR_NAME = AccentColor;
				CODE_SIGN_STYLE = Automatic;
				CURRENT_PROJECT_VERSION = 1;
				DEVELOPMENT_ASSET_PATHS = "\"ioscardexample/Preview Content\"";
				ENABLE_PREVIEWS = YES;
				GENERATE_INFOPLIST_FILE = YES;
				INFOPLIST_KEY_UIApplicationSceneManifest_Generation = YES;
				INFOPLIST_KEY_UIApplicationSupportsIndirectInputEvents = YES;
				INFOPLIST_KEY_UILaunchScreen_Generation = YES;
				INFOPLIST_KEY_UISupportedInterfaceOrientations_iPad = "UIInterfaceOrientationPortrait UIInterfaceOrientationPortraitUpsideDown UIInterfaceOrientationLandscapeLeft UIInterfaceOrientationLandscapeRight";
				INFOPLIST_KEY_UISupportedInterfaceOrientations_iPhone = "UIInterfaceOrientationPortrait UIInterfaceOrientationLandscapeLeft UIInterfaceOrientationLandscapeRight";
				LD_RUNPATH_SEARCH_PATHS = (
					"$(inherited)",
					"@executable_path/Frameworks",
				);
				MARKETING_VERSION = 1.0;
				PRODUCT_BUNDLE_IDENTIFIER = vuslatcoskun.ioscardexample;
				PRODUCT_NAME = "$(TARGET_NAME)";
				SWIFT_EMIT_LOC_STRINGS = YES;
				SWIFT_VERSION = 5.0;
				TARGETED_DEVICE_FAMILY = "1,2";
			};
			name = Debug;
		};
		0973A46A29D238C600491639 /* Release */ = {
			isa = XCBuildConfiguration;
			buildSettings = {
				ASSETCATALOG_COMPILER_APPICON_NAME = AppIcon;
				ASSETCATALOG_COMPILER_GLOBAL_ACCENT_COLOR_NAME = AccentColor;
				CODE_SIGN_STYLE = Automatic;
				CURRENT_PROJECT_VERSION = 1;
				DEVELOPMENT_ASSET_PATHS = "\"ioscardexample/Preview Content\"";
				ENABLE_PREVIEWS = YES;
				GENERATE_INFOPLIST_FILE = YES;
				INFOPLIST_KEY_UIApplicationSceneManifest_Generation = YES;
				INFOPLIST_KEY_UIApplicationSupportsIndirectInputEvents = YES;
				INFOPLIST_KEY_UILaunchScreen_Generation = YES;
				INFOPLIST_KEY_UISupportedInterfaceOrientations_iPad = "UIInterfaceOrientationPortrait UIInterfaceOrientationPortraitUpsideDown UIInterfaceOrientationLandscapeLeft UIInterfaceOrientationLandscapeRight";
				INFOPLIST_KEY_UISupportedInterfaceOrientations_iPhone = "UIInterfaceOrientationPortrait UIInterfaceOrientationLandscapeLeft UIInterfaceOrientationLandscapeRight";
				LD_RUNPATH_SEARCH_PATHS = (
					"$(inherited)",
					"@executable_path/Frameworks",
				);
				MARKETING_VERSION = 1.0;
				PRODUCT_BUNDLE_IDENTIFIER = vuslatcoskun.ioscardexample;
				PRODUCT_NAME = "$(TARGET_NAME)";
				SWIFT_EMIT_LOC_STRINGS = YES;
				SWIFT_VERSION = 5.0;
				TARGETED_DEVICE_FAMILY = "1,2";
			};
			name = Release;
		};
		0973A46C29D238C600491639 /* Debug */ = {
			isa = XCBuildConfiguration;
			buildSettings = {
				ALWAYS_EMBED_SWIFT_STANDARD_LIBRARIES = YES;
				BUNDLE_LOADER = "$(TEST_HOST)";
				CODE_SIGN_STYLE = Automatic;
				CURRENT_PROJECT_VERSION = 1;
				GENERATE_INFOPLIST_FILE = YES;
				IPHONEOS_DEPLOYMENT_TARGET = 16.2;
				MARKETING_VERSION = 1.0;
				PRODUCT_BUNDLE_IDENTIFIER = vuslatcoskun.ioscardexampleTests;
				PRODUCT_NAME = "$(TARGET_NAME)";
				SWIFT_EMIT_LOC_STRINGS = NO;
				SWIFT_VERSION = 5.0;
				TARGETED_DEVICE_FAMILY = "1,2";
				TEST_HOST = "$(BUILT_PRODUCTS_DIR)/ioscardexample.app/$(BUNDLE_EXECUTABLE_FOLDER_PATH)/ioscardexample";
			};
			name = Debug;
		};
		0973A46D29D238C600491639 /* Release */ = {
			isa = XCBuildConfiguration;
			buildSettings = {
				ALWAYS_EMBED_SWIFT_STANDARD_LIBRARIES = YES;
				BUNDLE_LOADER = "$(TEST_HOST)";
				CODE_SIGN_STYLE = Automatic;
				CURRENT_PROJECT_VERSION = 1;
				GENERATE_INFOPLIST_FILE = YES;
				IPHONEOS_DEPLOYMENT_TARGET = 16.2;
				MARKETING_VERSION = 1.0;
				PRODUCT_BUNDLE_IDENTIFIER = vuslatcoskun.ioscardexampleTests;
				PRODUCT_NAME = "$(TARGET_NAME)";
				SWIFT_EMIT_LOC_STRINGS = NO;
				SWIFT_VERSION = 5.0;
				TARGETED_DEVICE_FAMILY = "1,2";
				TEST_HOST = "$(BUILT_PRODUCTS_DIR)/ioscardexample.app/$(BUNDLE_EXECUTABLE_FOLDER_PATH)/ioscardexample";
			};
			name = Release;
		};
		0973A46F29D238C600491639 /* Debug */ = {
			isa = XCBuildConfiguration;
			buildSettings = {
				ALWAYS_EMBED_SWIFT_STANDARD_LIBRARIES = YES;
				CODE_SIGN_STYLE = Automatic;
				CURRENT_PROJECT_VERSION = 1;
				GENERATE_INFOPLIST_FILE = YES;
				MARKETING_VERSION = 1.0;
				PRODUCT_BUNDLE_IDENTIFIER = vuslatcoskun.ioscardexampleUITests;
				PRODUCT_NAME = "$(TARGET_NAME)";
				SWIFT_EMIT_LOC_STRINGS = NO;
				SWIFT_VERSION = 5.0;
				TARGETED_DEVICE_FAMILY = "1,2";
				TEST_TARGET_NAME = ioscardexample;
			};
			name = Debug;
		};
		0973A47029D238C600491639 /* Release */ = {
			isa = XCBuildConfiguration;
			buildSettings = {
				ALWAYS_EMBED_SWIFT_STANDARD_LIBRARIES = YES;
				CODE_SIGN_STYLE = Automatic;
				CURRENT_PROJECT_VERSION = 1;
				GENERATE_INFOPLIST_FILE = YES;
				MARKETING_VERSION = 1.0;
				PRODUCT_BUNDLE_IDENTIFIER = vuslatcoskun.ioscardexampleUITests;
				PRODUCT_NAME = "$(TARGET_NAME)";
				SWIFT_EMIT_LOC_STRINGS = NO;
				SWIFT_VERSION = 5.0;
				TARGETED_DEVICE_FAMILY = "1,2";
				TEST_TARGET_NAME = ioscardexample;
			};
			name = Release;
		};
/* End XCBuildConfiguration section */

/* Begin XCConfigurationList section */
		0973A43F29D238C500491639 /* Build configuration list for PBXProject "ioscardexample" */ = {
			isa = XCConfigurationList;
			buildConfigurations = (
				0973A46629D238C600491639 /* Debug */,
				0973A46729D238C600491639 /* Release */,
			);
			defaultConfigurationIsVisible = 0;
			defaultConfigurationName = Release;
		};
		0973A46829D238C600491639 /* Build configuration list for PBXNativeTarget "ioscardexample" */ = {
			isa = XCConfigurationList;
			buildConfigurations = (
				0973A46929D238C600491639 /* Debug */,
				0973A46A29D238C600491639 /* Release */,
			);
			defaultConfigurationIsVisible = 0;
			defaultConfigurationName = Release;
		};
		0973A46B29D238C600491639 /* Build configuration list for PBXNativeTarget "ioscardexampleTests" */ = {
			isa = XCConfigurationList;
			buildConfigurations = (
				0973A46C29D238C600491639 /* Debug */,
				0973A46D29D238C600491639 /* Release */,
			);
			defaultConfigurationIsVisible = 0;
			defaultConfigurationName = Release;
		};
		0973A46E29D238C600491639 /* Build configuration list for PBXNativeTarget "ioscardexampleUITests" */ = {
			isa = XCConfigurationList;
			buildConfigurations = (
				0973A46F29D238C600491639 /* Debug */,
				0973A47029D238C600491639 /* Release */,
			);
			defaultConfigurationIsVisible = 0;
			defaultConfigurationName = Release;
		};
/* End XCConfigurationList section */
	};
	rootObject = 0973A43C29D238C500491639 /* Project object */;
}
